
Microsoft Visual Studio Solution File, Format Version 12.00
# Visual Studio Version 16
VisualStudioVersion = 16.0.31624.102
MinimumVisualStudioVersion = 10.0.40219.1
Project("{9A19103F-16F7-4668-BE54-9A1E7A4F7556}") = "NetworkPerceptionQaChallange", "NetworkPerceptionQaChallange\NetworkPerceptionQaChallange.csproj", "{BD066FE0-5ECB-466A-9AED-13464FC69F54}"
EndProject
Project("{2150E333-8FDC-42A3-9474-1A3956D46DE8}") = "Solution Items", "Solution Items", "{D5DEEDF6-BB7A-478E-A661-D59BFF27B4A8}"
	ProjectSection(SolutionItems) = preProject
		Script1.js = Script1.js
	EndProjectSection
EndProject
Global
	GlobalSection(SolutionConfigurationPlatforms) = preSolution
		Debug|Any CPU = Debug|Any CPU
		Release|Any CPU = Release|Any CPU
	EndGlobalSection
	GlobalSection(ProjectConfigurationPlatforms) = postSolution
		{BD066FE0-5ECB-466A-9AED-13464FC69F54}.Debug|Any CPU.ActiveCfg = Debug|Any CPU
		{BD066FE0-5ECB-466A-9AED-13464FC69F54}.Debug|Any CPU.Build.0 = Debug|Any CPU
		{BD066FE0-5ECB-466A-9AED-13464FC69F54}.Release|Any CPU.ActiveCfg = Release|Any CPU
		{BD066FE0-5ECB-466A-9AED-13464FC69F54}.Release|Any CPU.Build.0 = Release|Any CPU
	EndGlobalSection
	GlobalSection(SolutionProperties) = preSolution
		HideSolutionNode = FALSE
	EndGlobalSection
	GlobalSection(ExtensibilityGlobals) = postSolution
		SolutionGuid = {342A1150-F5E5-46BB-81AA-B10D1E89E3C5}
	EndGlobalSection
EndGlobal
